
Microsoft Visual Studio Solution File, Format Version 12.00
# Visual Studio 15
VisualStudioVersion = 15.0.28307.902
MinimumVisualStudioVersion = 10.0.40219.1
Project("{FAE04EC0-301F-11D3-BF4B-00C04F79EFBC}") = "pasta5", "pasta5\pasta5.csproj", "{2672809D-2558-40DB-9D37-BE2F020FE3F9}"
EndProject
Global
	GlobalSection(SolutionConfigurationPlatforms) = preSolution
		Debug|Any CPU = Debug|Any CPU
		Release|Any CPU = Release|Any CPU
	EndGlobalSection
	GlobalSection(ProjectConfigurationPlatforms) = postSolution
		{2672809D-2558-40DB-9D37-BE2F020FE3F9}.Debug|Any CPU.ActiveCfg = Debug|Any CPU
		{2672809D-2558-40DB-9D37-BE2F020FE3F9}.Debug|Any CPU.Build.0 = Debug|Any CPU
		{2672809D-2558-40DB-9D37-BE2F020FE3F9}.Release|Any CPU.ActiveCfg = Release|Any CPU
		{2672809D-2558-40DB-9D37-BE2F020FE3F9}.Release|Any CPU.Build.0 = Release|Any CPU
	EndGlobalSection
	GlobalSection(SolutionProperties) = preSolution
		HideSolutionNode = FALSE
	EndGlobalSection
	GlobalSection(ExtensibilityGlobals) = postSolution
		SolutionGuid = {270A2E41-2C72-44DD-B1D8-8591CA6565C3}
	EndGlobalSection
EndGlobal
